{
  "name": "hardpoint-integration-test",
  "lockfileVersion": 3,
  "requires": true,
  "packages": {
    "": {
      "name": "hardpoint-integration-test",
      "dependencies": {
        "@hardpointlabs/sdk": "file:../packages/sdk/hardpointlabs-sdk-1.0.0.tgz"
      },
      "devDependencies": {
        "@types/node": "^25.9.2",
        "typescript": "^6.0.3"
      }
    },
    "node_modules/@hardpointlabs/length-prefixed-stream": {
      "version": "2.0.6",
      "resolved": "https://registry.npmjs.org/@hardpointlabs/length-prefixed-stream/-/length-prefixed-stream-2.0.6.tgz",
      "integrity": "sha512-KBwPtJoUhTh9+vZ83BRrbSXMmaKl1w2uBUKQIKuKDO8k5SsXy6v5P7MEKz0O84UhBznkWmBoGnh780ZMog+t9A==",
      "license": "MIT",
      "dependencies": {
        "varint": "^6.0.0"
      }
    },
    "node_modules/@hardpointlabs/sdk": {
      "version": "1.0.0",
      "resolved": "file:../packages/sdk/hardpointlabs-sdk-1.0.0.tgz",
      "integrity": "sha512-ss9xqXCrKOCwYXcMe/3KqoXrZXVjX4HLZuSxnDtrlMEi9A8rt1OFWx7F1H6SsyYBwwd8PwQ70oontI4BQwMOFQ==",
      "license": "Apache-2.0",
      "dependencies": {
        "@hardpointlabs/length-prefixed-stream": "^2.0.6",
        "mlkem": "^2.7.0"
      }
    },
    "node_modules/@types/node": {
      "version": "25.9.2",
      "resolved": "https://registry.npmjs.org/@types/node/-/node-25.9.2.tgz",
      "integrity": "sha512-G05zqtJhcDLb8uslf5EjCxXg9G1KQxiV8OS0R26IC//Eoyitzqe8z37I7cqvnZlrlSfgocQRfSn/AHBZJJFyGw==",
      "dev": true,
      "license": "MIT",
      "dependencies": {
        "undici-types": ">=7.24.0 <7.24.7"
      }
    },
    "node_modules/mlkem": {
      "version": "2.7.0",
      "license": "MIT",
      "engines": {
        "node": ">=16.0.0"
      }
    },
    "node_modules/typescript": {
      "version": "6.0.3",
      "resolved": "https://registry.npmjs.org/typescript/-/typescript-6.0.3.tgz",
      "integrity": "sha512-y2TvuxSZPDyQakkFRPZHKFm+KKVqIisdg9/CZwm9ftvKXLP8NRWj38/ODjNbr43SsoXqNuAisEf1GdCxqWcdBw==",
      "dev": true,
      "license": "Apache-2.0",
      "bin": {
        "tsc": "bin/tsc",
        "tsserver": "bin/tsserver"
      },
      "engines": {
        "node": ">=14.17"
      }
    },
    "node_modules/undici-types": {
      "version": "7.24.6",
      "resolved": "https://registry.npmjs.org/undici-types/-/undici-types-7.24.6.tgz",
      "integrity": "sha512-WRNW+sJgj5OBN4/0JpHFqtqzhpbnV0GuB+OozA9gCL7a993SmU+1JBZCzLNxYsbMfIeDL+lTsphD5jN5N+n0zg==",
      "dev": true,
      "license": "MIT"
    },
    "node_modules/varint": {
      "version": "6.0.0",
      "license": "MIT"
    }
  }
}
