{
  "name": "hardpoint-integration-test",
  "lockfileVersion": 3,
  "requires": true,
  "packages": {
    "": {
      "name": "hardpoint-integration-test",
      "devDependencies": {
        "@types/node": "^25.9.2",
        "typescript": "^6.0.3"
      }
    },
    "node_modules/@types/node": {
      "version": "25.9.2",
      "dev": true,
      "license": "MIT",
      "dependencies": {
        "undici-types": ">=7.24.0 <7.24.7"
      }
    },
    "node_modules/typescript": {
      "version": "6.0.3",
      "dev": true,
      "license": "Apache-2.0",
      "bin": {
        "tsc": "bin/tsc",
        "tsserver": "bin/tsserver"
      },
      "engines": {
        "node": ">=14.17"
      }
    },
    "node_modules/undici-types": {
      "version": "7.24.6",
      "dev": true,
      "license": "MIT"
    }
  }
}
